
Microsoft Visual Studio Solution File, Format Version 12.00
# Visual Studio Version 17
VisualStudioVersion = 17.3.32901.215
MinimumVisualStudioVersion = 10.0.40219.1
Project("{FAE04EC0-301F-11D3-BF4B-00C04F79EFBC}") = "CapaDatos", "CapaDatos\CapaDatos.csproj", "{396C6DC0-91DC-4375-8C7E-56C7F56D3701}"
EndProject
Project("{FAE04EC0-301F-11D3-BF4B-00C04F79EFBC}") = "CapaCliente", "CapaCliente\CapaCliente.csproj", "{5A69EC21-3B31-40A6-A6D9-7ED31DB21D33}"
EndProject
Project("{FAE04EC0-301F-11D3-BF4B-00C04F79EFBC}") = "CapaNegocios", "CapaNegocios\CapaNegocios.csproj", "{19F7AC96-4E57-4DDE-857C-F1B7A00EAFE7}"
EndProject
Global
	GlobalSection(SolutionConfigurationPlatforms) = preSolution
		Debug|Any CPU = Debug|Any CPU
		Release|Any CPU = Release|Any CPU
	EndGlobalSection
	GlobalSection(ProjectConfigurationPlatforms) = postSolution
		{396C6DC0-91DC-4375-8C7E-56C7F56D3701}.Debug|Any CPU.ActiveCfg = Debug|Any CPU
		{396C6DC0-91DC-4375-8C7E-56C7F56D3701}.Debug|Any CPU.Build.0 = Debug|Any CPU
		{396C6DC0-91DC-4375-8C7E-56C7F56D3701}.Release|Any CPU.ActiveCfg = Release|Any CPU
		{396C6DC0-91DC-4375-8C7E-56C7F56D3701}.Release|Any CPU.Build.0 = Release|Any CPU
		{5A69EC21-3B31-40A6-A6D9-7ED31DB21D33}.Debug|Any CPU.ActiveCfg = Debug|Any CPU
		{5A69EC21-3B31-40A6-A6D9-7ED31DB21D33}.Debug|Any CPU.Build.0 = Debug|Any CPU
		{5A69EC21-3B31-40A6-A6D9-7ED31DB21D33}.Release|Any CPU.ActiveCfg = Release|Any CPU
		{5A69EC21-3B31-40A6-A6D9-7ED31DB21D33}.Release|Any CPU.Build.0 = Release|Any CPU
		{19F7AC96-4E57-4DDE-857C-F1B7A00EAFE7}.Debug|Any CPU.ActiveCfg = Debug|Any CPU
		{19F7AC96-4E57-4DDE-857C-F1B7A00EAFE7}.Debug|Any CPU.Build.0 = Debug|Any CPU
		{19F7AC96-4E57-4DDE-857C-F1B7A00EAFE7}.Release|Any CPU.ActiveCfg = Release|Any CPU
		{19F7AC96-4E57-4DDE-857C-F1B7A00EAFE7}.Release|Any CPU.Build.0 = Release|Any CPU
	EndGlobalSection
	GlobalSection(SolutionProperties) = preSolution
		HideSolutionNode = FALSE
	EndGlobalSection
	GlobalSection(ExtensibilityGlobals) = postSolution
		SolutionGuid = {97AE69D0-4478-4051-839D-57A102150219}
	EndGlobalSection
EndGlobal
